
Microsoft Visual Studio Solution File, Format Version 12.00
# Visual Studio 15
VisualStudioVersion = 15.0.27130.2024
MinimumVisualStudioVersion = 10.0.40219.1
Project("{FAE04EC0-301F-11D3-BF4B-00C04F79EFBC}") = "PrimeiraAplicacao", "PrimeiraAplicacao\PrimeiraAplicacao.csproj", "{CDAD4A56-ADA2-49E3-91E7-0315DEA3C93F}"
EndProject
Global
	GlobalSection(SolutionConfigurationPlatforms) = preSolution
		Debug|Any CPU = Debug|Any CPU
		Release|Any CPU = Release|Any CPU
	EndGlobalSection
	GlobalSection(ProjectConfigurationPlatforms) = postSolution
		{CDAD4A56-ADA2-49E3-91E7-0315DEA3C93F}.Debug|Any CPU.ActiveCfg = Debug|Any CPU
		{CDAD4A56-ADA2-49E3-91E7-0315DEA3C93F}.Debug|Any CPU.Build.0 = Debug|Any CPU
		{CDAD4A56-ADA2-49E3-91E7-0315DEA3C93F}.Release|Any CPU.ActiveCfg = Release|Any CPU
		{CDAD4A56-ADA2-49E3-91E7-0315DEA3C93F}.Release|Any CPU.Build.0 = Release|Any CPU
	EndGlobalSection
	GlobalSection(SolutionProperties) = preSolution
		HideSolutionNode = FALSE
	EndGlobalSection
	GlobalSection(ExtensibilityGlobals) = postSolution
		SolutionGuid = {4DE6EC6B-8171-48DD-9640-6D72CD798410}
	EndGlobalSection
EndGlobal
