
Microsoft Visual Studio Solution File, Format Version 12.00
# Visual Studio 15
VisualStudioVersion = 15.0.27130.2026
MinimumVisualStudioVersion = 10.0.40219.1
Project("{FAE04EC0-301F-11D3-BF4B-00C04F79EFBC}") = "SomaNumeros", "SomaNumeros\SomaNumeros.csproj", "{758FD4B3-48A9-4B95-BFEE-3F88351E6D7D}"
EndProject
Global
	GlobalSection(SolutionConfigurationPlatforms) = preSolution
		Debug|Any CPU = Debug|Any CPU
		Release|Any CPU = Release|Any CPU
	EndGlobalSection
	GlobalSection(ProjectConfigurationPlatforms) = postSolution
		{758FD4B3-48A9-4B95-BFEE-3F88351E6D7D}.Debug|Any CPU.ActiveCfg = Debug|Any CPU
		{758FD4B3-48A9-4B95-BFEE-3F88351E6D7D}.Debug|Any CPU.Build.0 = Debug|Any CPU
		{758FD4B3-48A9-4B95-BFEE-3F88351E6D7D}.Release|Any CPU.ActiveCfg = Release|Any CPU
		{758FD4B3-48A9-4B95-BFEE-3F88351E6D7D}.Release|Any CPU.Build.0 = Release|Any CPU
	EndGlobalSection
	GlobalSection(SolutionProperties) = preSolution
		HideSolutionNode = FALSE
	EndGlobalSection
	GlobalSection(ExtensibilityGlobals) = postSolution
		SolutionGuid = {4C46C91D-F192-4562-A417-4D17FA7755E4}
	EndGlobalSection
EndGlobal
